
Microsoft Visual Studio Solution File, Format Version 12.00
# Visual Studio Version 17
VisualStudioVersion = 17.14.36121.58 d17.14
MinimumVisualStudioVersion = 10.0.40219.1
Project("{FAE04EC0-301F-11D3-BF4B-00C04F79EFBC}") = "SchoolApi", "SchoolApi\SchoolApi.csproj", "{F9A106E5-F808-4745-B424-3525F2F918B2}"
EndProject
Project("{FAE04EC0-301F-11D3-BF4B-00C04F79EFBC}") = "SchoolApi.Data", "SchoolApi.Data\SchoolApi.Data.csproj", "{1058D8E8-EE06-4E86-BB20-C0FBF9A9AE48}"
EndProject
Project("{FAE04EC0-301F-11D3-BF4B-00C04F79EFBC}") = "SchoolApi.Infrastructure", "SchoolApi.Infrastructure\SchoolApi.Infrastructure.csproj", "{B6219AE8-9021-49E4-9E2B-75509504B72B}"
EndProject
Project("{FAE04EC0-301F-11D3-BF4B-00C04F79EFBC}") = "SchoolApi.Service", "SchoolApi.Service\SchoolApi.Service.csproj", "{C626B94D-9A2E-4831-86DC-ACA0EAA2E4EF}"
EndProject
Project("{FAE04EC0-301F-11D3-BF4B-00C04F79EFBC}") = "SchoolApi.Core", "SchoolApi.Core\SchoolApi.Core.csproj", "{8372A653-321F-4F0B-85DF-65E529292421}"
EndProject
Global
	GlobalSection(SolutionConfigurationPlatforms) = preSolution
		Debug|Any CPU = Debug|Any CPU
		Release|Any CPU = Release|Any CPU
	EndGlobalSection
	GlobalSection(ProjectConfigurationPlatforms) = postSolution
		{F9A106E5-F808-4745-B424-3525F2F918B2}.Debug|Any CPU.ActiveCfg = Debug|Any CPU
		{F9A106E5-F808-4745-B424-3525F2F918B2}.Debug|Any CPU.Build.0 = Debug|Any CPU
		{F9A106E5-F808-4745-B424-3525F2F918B2}.Release|Any CPU.ActiveCfg = Release|Any CPU
		{F9A106E5-F808-4745-B424-3525F2F918B2}.Release|Any CPU.Build.0 = Release|Any CPU
		{1058D8E8-EE06-4E86-BB20-C0FBF9A9AE48}.Debug|Any CPU.ActiveCfg = Debug|Any CPU
		{1058D8E8-EE06-4E86-BB20-C0FBF9A9AE48}.Debug|Any CPU.Build.0 = Debug|Any CPU
		{1058D8E8-EE06-4E86-BB20-C0FBF9A9AE48}.Release|Any CPU.ActiveCfg = Release|Any CPU
		{1058D8E8-EE06-4E86-BB20-C0FBF9A9AE48}.Release|Any CPU.Build.0 = Release|Any CPU
		{B6219AE8-9021-49E4-9E2B-75509504B72B}.Debug|Any CPU.ActiveCfg = Debug|Any CPU
		{B6219AE8-9021-49E4-9E2B-75509504B72B}.Debug|Any CPU.Build.0 = Debug|Any CPU
		{B6219AE8-9021-49E4-9E2B-75509504B72B}.Release|Any CPU.ActiveCfg = Release|Any CPU
		{B6219AE8-9021-49E4-9E2B-75509504B72B}.Release|Any CPU.Build.0 = Release|Any CPU
		{C626B94D-9A2E-4831-86DC-ACA0EAA2E4EF}.Debug|Any CPU.ActiveCfg = Debug|Any CPU
		{C626B94D-9A2E-4831-86DC-ACA0EAA2E4EF}.Debug|Any CPU.Build.0 = Debug|Any CPU
		{C626B94D-9A2E-4831-86DC-ACA0EAA2E4EF}.Release|Any CPU.ActiveCfg = Release|Any CPU
		{C626B94D-9A2E-4831-86DC-ACA0EAA2E4EF}.Release|Any CPU.Build.0 = Release|Any CPU
		{8372A653-321F-4F0B-85DF-65E529292421}.Debug|Any CPU.ActiveCfg = Debug|Any CPU
		{8372A653-321F-4F0B-85DF-65E529292421}.Debug|Any CPU.Build.0 = Debug|Any CPU
		{8372A653-321F-4F0B-85DF-65E529292421}.Release|Any CPU.ActiveCfg = Release|Any CPU
		{8372A653-321F-4F0B-85DF-65E529292421}.Release|Any CPU.Build.0 = Release|Any CPU
	EndGlobalSection
	GlobalSection(SolutionProperties) = preSolution
		HideSolutionNode = FALSE
	EndGlobalSection
	GlobalSection(ExtensibilityGlobals) = postSolution
		SolutionGuid = {56C8BB3D-4862-49BF-8655-D4FAB0EAF886}
	EndGlobalSection
EndGlobal
